
Microsoft Visual Studio Solution File, Format Version 12.00
# Visual Studio Version 17
VisualStudioVersion = 17.9.34607.119
MinimumVisualStudioVersion = 10.0.40219.1
Project("{FAE04EC0-301F-11D3-BF4B-00C04F79EFBC}") = "TestTextAdventureExample", "TestTextAdventureExample\TestTextAdventureExample.csproj", "{50908227-1C51-4292-8A4A-64CE9D05D316}"
EndProject
Global
	GlobalSection(SolutionConfigurationPlatforms) = preSolution
		Debug|Any CPU = Debug|Any CPU
		Release|Any CPU = Release|Any CPU
	EndGlobalSection
	GlobalSection(ProjectConfigurationPlatforms) = postSolution
		{50908227-1C51-4292-8A4A-64CE9D05D316}.Debug|Any CPU.ActiveCfg = Debug|Any CPU
		{50908227-1C51-4292-8A4A-64CE9D05D316}.Debug|Any CPU.Build.0 = Debug|Any CPU
		{50908227-1C51-4292-8A4A-64CE9D05D316}.Release|Any CPU.ActiveCfg = Release|Any CPU
		{50908227-1C51-4292-8A4A-64CE9D05D316}.Release|Any CPU.Build.0 = Release|Any CPU
	EndGlobalSection
	GlobalSection(SolutionProperties) = preSolution
		HideSolutionNode = FALSE
	EndGlobalSection
	GlobalSection(ExtensibilityGlobals) = postSolution
		SolutionGuid = {CBE841A0-5DEF-443A-BD76-A82AF869459B}
	EndGlobalSection
EndGlobal
